
Microsoft Visual Studio Solution File, Format Version 12.00
# Visual Studio 2013
VisualStudioVersion = 12.0.40629.0
MinimumVisualStudioVersion = 10.0.40219.1
Project("{FAE04EC0-301F-11D3-BF4B-00C04F79EFBC}") = "ConsoleApp", "ConsoleApp\ConsoleApp.csproj", "{E5D0F7BE-693E-483B-A0A7-985409F0893B}"
EndProject
Project("{FAE04EC0-301F-11D3-BF4B-00C04F79EFBC}") = "IssueTracker.Business", "IssueTracker.Business\IssueTracker.Business.csproj", "{8E6E80D0-C762-4B3C-9B1F-C88CBBA51A0D}"
EndProject
Project("{FAE04EC0-301F-11D3-BF4B-00C04F79EFBC}") = "IssueTracker.Forms", "IssueTracker.Forms\IssueTracker.Forms.csproj", "{AB5073D1-8E82-408C-8A88-7FEC53386461}"
EndProject
Global
	GlobalSection(SolutionConfigurationPlatforms) = preSolution
		Debug|Any CPU = Debug|Any CPU
		Release|Any CPU = Release|Any CPU
	EndGlobalSection
	GlobalSection(ProjectConfigurationPlatforms) = postSolution
		{E5D0F7BE-693E-483B-A0A7-985409F0893B}.Debug|Any CPU.ActiveCfg = Debug|Any CPU
		{E5D0F7BE-693E-483B-A0A7-985409F0893B}.Debug|Any CPU.Build.0 = Debug|Any CPU
		{E5D0F7BE-693E-483B-A0A7-985409F0893B}.Release|Any CPU.ActiveCfg = Release|Any CPU
		{E5D0F7BE-693E-483B-A0A7-985409F0893B}.Release|Any CPU.Build.0 = Release|Any CPU
		{8E6E80D0-C762-4B3C-9B1F-C88CBBA51A0D}.Debug|Any CPU.ActiveCfg = Debug|Any CPU
		{8E6E80D0-C762-4B3C-9B1F-C88CBBA51A0D}.Debug|Any CPU.Build.0 = Debug|Any CPU
		{8E6E80D0-C762-4B3C-9B1F-C88CBBA51A0D}.Release|Any CPU.ActiveCfg = Release|Any CPU
		{8E6E80D0-C762-4B3C-9B1F-C88CBBA51A0D}.Release|Any CPU.Build.0 = Release|Any CPU
		{AB5073D1-8E82-408C-8A88-7FEC53386461}.Debug|Any CPU.ActiveCfg = Debug|Any CPU
		{AB5073D1-8E82-408C-8A88-7FEC53386461}.Debug|Any CPU.Build.0 = Debug|Any CPU
		{AB5073D1-8E82-408C-8A88-7FEC53386461}.Release|Any CPU.ActiveCfg = Release|Any CPU
		{AB5073D1-8E82-408C-8A88-7FEC53386461}.Release|Any CPU.Build.0 = Release|Any CPU
	EndGlobalSection
	GlobalSection(SolutionProperties) = preSolution
		HideSolutionNode = FALSE
	EndGlobalSection
EndGlobal
